
Microsoft Visual Studio Solution File, Format Version 12.00
# Visual Studio Version 17
VisualStudioVersion = 17.3.32929.385
MinimumVisualStudioVersion = 10.0.40219.1
Project("{9A19103F-16F7-4668-BE54-9A1E7A4F7556}") = "sisu-olorin-angular", "sisu-olorin-angular.csproj", "{B76EB73F-D891-4C24-830D-24D738BE0342}"
EndProject
Project("{FAE04EC0-301F-11D3-BF4B-00C04F79EFBC}") = "sisu-olorin-api", "..\sisu-olorin-api\sisu-olorin-api.csproj", "{B5C8DB97-0302-4050-9249-7955E446118F}"
EndProject
Global
	GlobalSection(SolutionConfigurationPlatforms) = preSolution
		Debug|Any CPU = Debug|Any CPU
		Release|Any CPU = Release|Any CPU
	EndGlobalSection
	GlobalSection(ProjectConfigurationPlatforms) = postSolution
		{B76EB73F-D891-4C24-830D-24D738BE0342}.Debug|Any CPU.ActiveCfg = Debug|Any CPU
		{B76EB73F-D891-4C24-830D-24D738BE0342}.Debug|Any CPU.Build.0 = Debug|Any CPU
		{B76EB73F-D891-4C24-830D-24D738BE0342}.Release|Any CPU.ActiveCfg = Release|Any CPU
		{B76EB73F-D891-4C24-830D-24D738BE0342}.Release|Any CPU.Build.0 = Release|Any CPU
		{B5C8DB97-0302-4050-9249-7955E446118F}.Debug|Any CPU.ActiveCfg = Debug|Any CPU
		{B5C8DB97-0302-4050-9249-7955E446118F}.Debug|Any CPU.Build.0 = Debug|Any CPU
		{B5C8DB97-0302-4050-9249-7955E446118F}.Release|Any CPU.ActiveCfg = Release|Any CPU
		{B5C8DB97-0302-4050-9249-7955E446118F}.Release|Any CPU.Build.0 = Release|Any CPU
	EndGlobalSection
	GlobalSection(SolutionProperties) = preSolution
		HideSolutionNode = FALSE
	EndGlobalSection
	GlobalSection(ExtensibilityGlobals) = postSolution
		SolutionGuid = {38960CA7-80FC-4073-AFFF-A873DEF3D421}
	EndGlobalSection
EndGlobal
